
Microsoft Visual Studio Solution File, Format Version 12.00
# Visual Studio Version 17
VisualStudioVersion = 17.4.33205.214
MinimumVisualStudioVersion = 10.0.40219.1
Project("{FAE04EC0-301F-11D3-BF4B-00C04F79EFBC}") = "ContosoUniversity", "ContosoUniversity.csproj", "{E89E4CE1-7C4D-4951-8158-F6FB70E48A86}"
EndProject
Global
	GlobalSection(SolutionConfigurationPlatforms) = preSolution
		Debug|Any CPU = Debug|Any CPU
		Release|Any CPU = Release|Any CPU
	EndGlobalSection
	GlobalSection(ProjectConfigurationPlatforms) = postSolution
		{E89E4CE1-7C4D-4951-8158-F6FB70E48A86}.Debug|Any CPU.ActiveCfg = Debug|Any CPU
		{E89E4CE1-7C4D-4951-8158-F6FB70E48A86}.Debug|Any CPU.Build.0 = Debug|Any CPU
		{E89E4CE1-7C4D-4951-8158-F6FB70E48A86}.Release|Any CPU.ActiveCfg = Release|Any CPU
		{E89E4CE1-7C4D-4951-8158-F6FB70E48A86}.Release|Any CPU.Build.0 = Release|Any CPU
	EndGlobalSection
	GlobalSection(SolutionProperties) = preSolution
		HideSolutionNode = FALSE
	EndGlobalSection
	GlobalSection(ExtensibilityGlobals) = postSolution
		SolutionGuid = {FAD47F5F-2F63-40B4-B63F-4F4170F83B82}
	EndGlobalSection
EndGlobal
